
Microsoft Visual Studio Solution File, Format Version 12.00
# Visual Studio 15
VisualStudioVersion = 15.0.27703.2026
MinimumVisualStudioVersion = 10.0.40219.1
Project("{E24C65DC-7377-472B-9ABA-BC803B73C61A}") = "work_study_entire", "work_study_entire\", "{294742FC-B055-4596-94B6-C32540E9766B}"
	ProjectSection(WebsiteProperties) = preProject
		TargetFrameworkMoniker = ".NETFramework,Version%3Dv4.6.1"
		Debug.AspNetCompiler.VirtualPath = "/localhost_49843"
		Debug.AspNetCompiler.PhysicalPath = "work_study_entire\"
		Debug.AspNetCompiler.TargetPath = "PrecompiledWeb\localhost_49843\"
		Debug.AspNetCompiler.Updateable = "true"
		Debug.AspNetCompiler.ForceOverwrite = "true"
		Debug.AspNetCompiler.FixedNames = "false"
		Debug.AspNetCompiler.Debug = "True"
		Release.AspNetCompiler.VirtualPath = "/localhost_49843"
		Release.AspNetCompiler.PhysicalPath = "work_study_entire\"
		Release.AspNetCompiler.TargetPath = "PrecompiledWeb\localhost_49843\"
		Release.AspNetCompiler.Updateable = "true"
		Release.AspNetCompiler.ForceOverwrite = "true"
		Release.AspNetCompiler.FixedNames = "false"
		Release.AspNetCompiler.Debug = "False"
		VWDPort = "49843"
		SlnRelativePath = "work_study_entire\"
		DefaultWebSiteLanguage = "Visual C#"
	EndProjectSection
EndProject
Global
	GlobalSection(SolutionConfigurationPlatforms) = preSolution
		Debug|Any CPU = Debug|Any CPU
	EndGlobalSection
	GlobalSection(ProjectConfigurationPlatforms) = postSolution
		{294742FC-B055-4596-94B6-C32540E9766B}.Debug|Any CPU.ActiveCfg = Debug|Any CPU
		{294742FC-B055-4596-94B6-C32540E9766B}.Debug|Any CPU.Build.0 = Debug|Any CPU
	EndGlobalSection
	GlobalSection(SolutionProperties) = preSolution
		HideSolutionNode = FALSE
	EndGlobalSection
	GlobalSection(ExtensibilityGlobals) = postSolution
		SolutionGuid = {72054CAA-0CE4-4475-B293-5F78A00B4CC3}
	EndGlobalSection
EndGlobal
